
Microsoft Visual Studio Solution File, Format Version 12.00
Project("{FAE04EC0-301F-11D3-BF4B-00C04F79EFBC}") = "CsSsdb", "CsSsdb\CsSsdb.csproj", "{835C5583-6C37-401E-AB76-999F98E70DD4}"
EndProject
Project("{FAE04EC0-301F-11D3-BF4B-00C04F79EFBC}") = "CsSsdb.Test", "CsSsdb.Test\CsSsdb.Test.csproj", "{3F46FCA3-0999-45AA-9A1E-903E4628668E}"
EndProject
Global
	GlobalSection(SolutionConfigurationPlatforms) = preSolution
		Debug|Any CPU = Debug|Any CPU
		Release|Any CPU = Release|Any CPU
	EndGlobalSection
	GlobalSection(ProjectConfigurationPlatforms) = postSolution
		{835C5583-6C37-401E-AB76-999F98E70DD4}.Debug|Any CPU.ActiveCfg = Debug|Any CPU
		{835C5583-6C37-401E-AB76-999F98E70DD4}.Debug|Any CPU.Build.0 = Debug|Any CPU
		{835C5583-6C37-401E-AB76-999F98E70DD4}.Release|Any CPU.ActiveCfg = Release|Any CPU
		{835C5583-6C37-401E-AB76-999F98E70DD4}.Release|Any CPU.Build.0 = Release|Any CPU
		{3F46FCA3-0999-45AA-9A1E-903E4628668E}.Debug|Any CPU.ActiveCfg = Debug|Any CPU
		{3F46FCA3-0999-45AA-9A1E-903E4628668E}.Debug|Any CPU.Build.0 = Debug|Any CPU
		{3F46FCA3-0999-45AA-9A1E-903E4628668E}.Release|Any CPU.ActiveCfg = Release|Any CPU
		{3F46FCA3-0999-45AA-9A1E-903E4628668E}.Release|Any CPU.Build.0 = Release|Any CPU
	EndGlobalSection
EndGlobal
